
Microsoft Visual Studio Solution File, Format Version 12.00
# Visual Studio Version 16
VisualStudioVersion = 16.0.30709.64
MinimumVisualStudioVersion = 10.0.40219.1
Project("{9A19103F-16F7-4668-BE54-9A1E7A4F7556}") = "Blauhaus.SignalR.Abstractions", "Blauhaus.SignalR.Abstractions\Blauhaus.SignalR.Abstractions.csproj", "{86888FDE-F5BF-44C8-AB94-C109B7ECDDEA}"
EndProject
Global
	GlobalSection(SolutionConfigurationPlatforms) = preSolution
		Debug|Any CPU = Debug|Any CPU
		Release|Any CPU = Release|Any CPU
	EndGlobalSection
	GlobalSection(ProjectConfigurationPlatforms) = postSolution
		{86888FDE-F5BF-44C8-AB94-C109B7ECDDEA}.Debug|Any CPU.ActiveCfg = Debug|Any CPU
		{86888FDE-F5BF-44C8-AB94-C109B7ECDDEA}.Debug|Any CPU.Build.0 = Debug|Any CPU
		{86888FDE-F5BF-44C8-AB94-C109B7ECDDEA}.Release|Any CPU.ActiveCfg = Release|Any CPU
		{86888FDE-F5BF-44C8-AB94-C109B7ECDDEA}.Release|Any CPU.Build.0 = Release|Any CPU
	EndGlobalSection
	GlobalSection(SolutionProperties) = preSolution
		HideSolutionNode = FALSE
	EndGlobalSection
	GlobalSection(ExtensibilityGlobals) = postSolution
		SolutionGuid = {8A35711D-206D-4A0E-A036-168C756F7236}
	EndGlobalSection
EndGlobal
